// !$*UTF8*$!
{
	archiveVersion = 1;
	classes = {
	};
	objectVersion = 50;
	objects = {

/* Begin PBXBuildFile section */
		4029509221FE9E650054ECDA /* AppDelegate.swift in Sources */ = {isa = PBXBuildFile; fileRef = 4029509121FE9E650054ECDA /* AppDelegate.swift */; };
		4029509421FE9E650054ECDA /* ViewController.swift in Sources */ = {isa = PBXBuildFile; fileRef = 4029509321FE9E650054ECDA /* ViewController.swift */; };
		4029509721FE9E650054ECDA /* Main.storyboard in Resources */ = {isa = PBXBuildFile; fileRef = 4029509521FE9E650054ECDA /* Main.storyboard */; };
		4029509921FE9E660054ECDA /* Assets.xcassets in Resources */ = {isa = PBXBuildFile; fileRef = 4029509821FE9E660054ECDA /* Assets.xcassets */; };
		4029509C21FE9E660054ECDA /* LaunchScreen.storyboard in Resources */ = {isa = PBXBuildFile; fileRef = 4029509A21FE9E660054ECDA /* LaunchScreen.storyboard */; };
		402950A521FEAC990054ECDA /* CSDBBaseBean.swift in Sources */ = {isa = PBXBuildFile; fileRef = 402950A421FEAC990054ECDA /* CSDBBaseBean.swift */; };
		402950A721FEACA40054ECDA /* CSDBConfig.swift in Sources */ = {isa = PBXBuildFile; fileRef = 402950A621FEACA40054ECDA /* CSDBConfig.swift */; };
		402950A921FEACAF0054ECDA /* CSDBManager.swift in Sources */ = {isa = PBXBuildFile; fileRef = 402950A821FEACAF0054ECDA /* CSDBManager.swift */; };
		402950B821FF16D00054ECDA /* CSRealmSwift.podspec in Resources */ = {isa = PBXBuildFile; fileRef = 402950B721FF16D00054ECDA /* CSRealmSwift.podspec */; };
		9EA107FF6339C4C5993DF661 /* Pods_CSRealmSwift.framework in Frameworks */ = {isa = PBXBuildFile; fileRef = 699DA802B1CDFA5B8BB2EE52 /* Pods_CSRealmSwift.framework */; };
/* End PBXBuildFile section */

/* Begin PBXFileReference section */
		4029508E21FE9E650054ECDA /* CSRealmSwift.app */ = {isa = PBXFileReference; explicitFileType = wrapper.application; includeInIndex = 0; path = CSRealmSwift.app; sourceTree = BUILT_PRODUCTS_DIR; };
		4029509121FE9E650054ECDA /* AppDelegate.swift */ = {isa = PBXFileReference; lastKnownFileType = sourcecode.swift; path = AppDelegate.swift; sourceTree = "<group>"; };
		4029509321FE9E650054ECDA /* ViewController.swift */ = {isa = PBXFileReference; lastKnownFileType = sourcecode.swift; path = ViewController.swift; sourceTree = "<group>"; };
		4029509621FE9E650054ECDA /* Base */ = {isa = PBXFileReference; lastKnownFileType = file.storyboard; name = Base; path = Base.lproj/Main.storyboard; sourceTree = "<group>"; };
		4029509821FE9E660054ECDA /* Assets.xcassets */ = {isa = PBXFileReference; lastKnownFileType = folder.assetcatalog; path = Assets.xcassets; sourceTree = "<group>"; };
		4029509B21FE9E660054ECDA /* Base */ = {isa = PBXFileReference; lastKnownFileType = file.storyboard; name = Base; path = Base.lproj/LaunchScreen.storyboard; sourceTree = "<group>"; };
		4029509D21FE9E660054ECDA /* Info.plist */ = {isa = PBXFileReference; lastKnownFileType = text.plist.xml; path = Info.plist; sourceTree = "<group>"; };
		402950A421FEAC990054ECDA /* CSDBBaseBean.swift */ = {isa = PBXFileReference; lastKnownFileType = sourcecode.swift; path = CSDBBaseBean.swift; sourceTree = "<group>"; };
		402950A621FEACA40054ECDA /* CSDBConfig.swift */ = {isa = PBXFileReference; lastKnownFileType = sourcecode.swift; path = CSDBConfig.swift; sourceTree = "<group>"; };
		402950A821FEACAF0054ECDA /* CSDBManager.swift */ = {isa = PBXFileReference; lastKnownFileType = sourcecode.swift; path = CSDBManager.swift; sourceTree = "<group>"; };
		402950B721FF16D00054ECDA /* CSRealmSwift.podspec */ = {isa = PBXFileReference; fileEncoding = 4; lastKnownFileType = text; path = CSRealmSwift.podspec; sourceTree = SOURCE_ROOT; };
		699DA802B1CDFA5B8BB2EE52 /* Pods_CSRealmSwift.framework */ = {isa = PBXFileReference; explicitFileType = wrapper.framework; includeInIndex = 0; path = Pods_CSRealmSwift.framework; sourceTree = BUILT_PRODUCTS_DIR; };
		EB6CB38FA4F26FAD40186DF3 /* Pods-CSRealmSwift.debug.xcconfig */ = {isa = PBXFileReference; includeInIndex = 1; lastKnownFileType = text.xcconfig; name = "Pods-CSRealmSwift.debug.xcconfig"; path = "Pods/Target Support Files/Pods-CSRealmSwift/Pods-CSRealmSwift.debug.xcconfig"; sourceTree = "<group>"; };
		F7E17972D4AD491B9B2835BD /* Pods-CSRealmSwift.release.xcconfig */ = {isa = PBXFileReference; includeInIndex = 1; lastKnownFileType = text.xcconfig; name = "Pods-CSRealmSwift.release.xcconfig"; path = "Pods/Target Support Files/Pods-CSRealmSwift/Pods-CSRealmSwift.release.xcconfig"; sourceTree = "<group>"; };
/* End PBXFileReference section */

/* Begin PBXFrameworksBuildPhase section */
		B3F7296AB48ED577C68F6013 /* Frameworks */ = {
			isa = PBXFrameworksBuildPhase;
			buildActionMask = 2147483647;
			files = (
				9EA107FF6339C4C5993DF661 /* Pods_CSRealmSwift.framework in Frameworks */,
			);
			runOnlyForDeploymentPostprocessing = 0;
		};
/* End PBXFrameworksBuildPhase section */

/* Begin PBXGroup section */
		291866D84F986E3779FEDCC5 /* Pods */ = {
			isa = PBXGroup;
			children = (
				EB6CB38FA4F26FAD40186DF3 /* Pods-CSRealmSwift.debug.xcconfig */,
				F7E17972D4AD491B9B2835BD /* Pods-CSRealmSwift.release.xcconfig */,
			);
			name = Pods;
			sourceTree = "<group>";
		};
		4029508521FE9E650054ECDA = {
			isa = PBXGroup;
			children = (
				4029509021FE9E650054ECDA /* CSRealmSwift */,
				4029508F21FE9E650054ECDA /* Products */,
				9899D4262A4B85DFF88F7773 /* Frameworks */,
				291866D84F986E3779FEDCC5 /* Pods */,
			);
			sourceTree = "<group>";
		};
		4029508F21FE9E650054ECDA /* Products */ = {
			isa = PBXGroup;
			children = (
				4029508E21FE9E650054ECDA /* CSRealmSwift.app */,
			);
			name = Products;
			sourceTree = "<group>";
		};
		4029509021FE9E650054ECDA /* CSRealmSwift */ = {
			isa = PBXGroup;
			children = (
				402950B621FF16A60054ECDA /* Podspec */,
				402950A321FE9EE70054ECDA /* Source */,
				4029509121FE9E650054ECDA /* AppDelegate.swift */,
				4029509321FE9E650054ECDA /* ViewController.swift */,
				4029509521FE9E650054ECDA /* Main.storyboard */,
				4029509821FE9E660054ECDA /* Assets.xcassets */,
				4029509A21FE9E660054ECDA /* LaunchScreen.storyboard */,
				4029509D21FE9E660054ECDA /* Info.plist */,
			);
			path = CSRealmSwift;
			sourceTree = "<group>";
		};
		402950A321FE9EE70054ECDA /* Source */ = {
			isa = PBXGroup;
			children = (
				402950A421FEAC990054ECDA /* CSDBBaseBean.swift */,
				402950A621FEACA40054ECDA /* CSDBConfig.swift */,
				402950A821FEACAF0054ECDA /* CSDBManager.swift */,
			);
			path = Source;
			sourceTree = "<group>";
		};
		402950B621FF16A60054ECDA /* Podspec */ = {
			isa = PBXGroup;
			children = (
				402950B721FF16D00054ECDA /* CSRealmSwift.podspec */,
			);
			path = Podspec;
			sourceTree = "<group>";
		};
		9899D4262A4B85DFF88F7773 /* Frameworks */ = {
			isa = PBXGroup;
			children = (
				699DA802B1CDFA5B8BB2EE52 /* Pods_CSRealmSwift.framework */,
			);
			name = Frameworks;
			sourceTree = "<group>";
		};
/* End PBXGroup section */

/* Begin PBXNativeTarget section */
		4029508D21FE9E650054ECDA /* CSRealmSwift */ = {
			isa = PBXNativeTarget;
			buildConfigurationList = 402950A021FE9E660054ECDA /* Build configuration list for PBXNativeTarget "CSRealmSwift" */;
			buildPhases = (
				D3953F62AD353790C9B29638 /* [CP] Check Pods Manifest.lock */,
				4029508A21FE9E650054ECDA /* Sources */,
				4029508C21FE9E650054ECDA /* Resources */,
				B3F7296AB48ED577C68F6013 /* Frameworks */,
				047B03195B1C33E4ED7C14A0 /* [CP] Embed Pods Frameworks */,
			);
			buildRules = (
			);
			dependencies = (
			);
			name = CSRealmSwift;
			productName = CSRealmSwift;
			productReference = 4029508E21FE9E650054ECDA /* CSRealmSwift.app */;
			productType = "com.apple.product-type.application";
		};
/* End PBXNativeTarget section */

/* Begin PBXProject section */
		4029508621FE9E650054ECDA /* Project object */ = {
			isa = PBXProject;
			attributes = {
				LastSwiftUpdateCheck = 1010;
				LastUpgradeCheck = 1010;
				ORGANIZATIONNAME = "安跃超";
				TargetAttributes = {
					4029508D21FE9E650054ECDA = {
						CreatedOnToolsVersion = 10.1;
					};
				};
			};
			buildConfigurationList = 4029508921FE9E650054ECDA /* Build configuration list for PBXProject "CSRealmSwift" */;
			compatibilityVersion = "Xcode 9.3";
			developmentRegion = en;
			hasScannedForEncodings = 0;
			knownRegions = (
				en,
				Base,
			);
			mainGroup = 4029508521FE9E650054ECDA;
			productRefGroup = 4029508F21FE9E650054ECDA /* Products */;
			projectDirPath = "";
			projectRoot = "";
			targets = (
				4029508D21FE9E650054ECDA /* CSRealmSwift */,
			);
		};
/* End PBXProject section */

/* Begin PBXResourcesBuildPhase section */
		4029508C21FE9E650054ECDA /* Resources */ = {
			isa = PBXResourcesBuildPhase;
			buildActionMask = 2147483647;
			files = (
				402950B821FF16D00054ECDA /* CSRealmSwift.podspec in Resources */,
				4029509C21FE9E660054ECDA /* LaunchScreen.storyboard in Resources */,
				4029509921FE9E660054ECDA /* Assets.xcassets in Resources */,
				4029509721FE9E650054ECDA /* Main.storyboard in Resources */,
			);
			runOnlyForDeploymentPostprocessing = 0;
		};
/* End PBXResourcesBuildPhase section */

/* Begin PBXShellScriptBuildPhase section */
		047B03195B1C33E4ED7C14A0 /* [CP] Embed Pods Frameworks */ = {
			isa = PBXShellScriptBuildPhase;
			buildActionMask = 2147483647;
			files = (
			);
			inputPaths = (
				"${SRCROOT}/Pods/Target Support Files/Pods-CSRealmSwift/Pods-CSRealmSwift-frameworks.sh",
				"${BUILT_PRODUCTS_DIR}/Alamofire/Alamofire.framework",
				"${BUILT_PRODUCTS_DIR}/Moya/Moya.framework",
				"${BUILT_PRODUCTS_DIR}/ObjectMapper/ObjectMapper.framework",
				"${BUILT_PRODUCTS_DIR}/Realm/Realm.framework",
				"${BUILT_PRODUCTS_DIR}/RealmSwift/RealmSwift.framework",
				"${BUILT_PRODUCTS_DIR}/Result/Result.framework",
			);
			name = "[CP] Embed Pods Frameworks";
			outputPaths = (
				"${TARGET_BUILD_DIR}/${FRAMEWORKS_FOLDER_PATH}/Alamofire.framework",
				"${TARGET_BUILD_DIR}/${FRAMEWORKS_FOLDER_PATH}/Moya.framework",
				"${TARGET_BUILD_DIR}/${FRAMEWORKS_FOLDER_PATH}/ObjectMapper.framework",
				"${TARGET_BUILD_DIR}/${FRAMEWORKS_FOLDER_PATH}/Realm.framework",
				"${TARGET_BUILD_DIR}/${FRAMEWORKS_FOLDER_PATH}/RealmSwift.framework",
				"${TARGET_BUILD_DIR}/${FRAMEWORKS_FOLDER_PATH}/Result.framework",
			);
			runOnlyForDeploymentPostprocessing = 0;
			shellPath = /bin/sh;
			shellScript = "\"${SRCROOT}/Pods/Target Support Files/Pods-CSRealmSwift/Pods-CSRealmSwift-frameworks.sh\"\n";
			showEnvVarsInLog = 0;
		};
		D3953F62AD353790C9B29638 /* [CP] Check Pods Manifest.lock */ = {
			isa = PBXShellScriptBuildPhase;
			buildActionMask = 2147483647;
			files = (
			);
			inputPaths = (
				"${PODS_PODFILE_DIR_PATH}/Podfile.lock",
				"${PODS_ROOT}/Manifest.lock",
			);
			name = "[CP] Check Pods Manifest.lock";
			outputPaths = (
				"$(DERIVED_FILE_DIR)/Pods-CSRealmSwift-checkManifestLockResult.txt",
			);
			runOnlyForDeploymentPostprocessing = 0;
			shellPath = /bin/sh;
			shellScript = "diff \"${PODS_PODFILE_DIR_PATH}/Podfile.lock\" \"${PODS_ROOT}/Manifest.lock\" > /dev/null\nif [ $? != 0 ] ; then\n    # print error to STDERR\n    echo \"error: The sandbox is not in sync with the Podfile.lock. Run 'pod install' or update your CocoaPods installation.\" >&2\n    exit 1\nfi\n# This output is used by Xcode 'outputs' to avoid re-running this script phase.\necho \"SUCCESS\" > \"${SCRIPT_OUTPUT_FILE_0}\"\n";
			showEnvVarsInLog = 0;
		};
/* End PBXShellScriptBuildPhase section */

/* Begin PBXSourcesBuildPhase section */
		4029508A21FE9E650054ECDA /* Sources */ = {
			isa = PBXSourcesBuildPhase;
			buildActionMask = 2147483647;
			files = (
				402950A921FEACAF0054ECDA /* CSDBManager.swift in Sources */,
				4029509421FE9E650054ECDA /* ViewController.swift in Sources */,
				402950A721FEACA40054ECDA /* CSDBConfig.swift in Sources */,
				402950A521FEAC990054ECDA /* CSDBBaseBean.swift in Sources */,
				4029509221FE9E650054ECDA /* AppDelegate.swift in Sources */,
			);
			runOnlyForDeploymentPostprocessing = 0;
		};
/* End PBXSourcesBuildPhase section */

/* Begin PBXVariantGroup section */
		4029509521FE9E650054ECDA /* Main.storyboard */ = {
			isa = PBXVariantGroup;
			children = (
				4029509621FE9E650054ECDA /* Base */,
			);
			name = Main.storyboard;
			sourceTree = "<group>";
		};
		4029509A21FE9E660054ECDA /* LaunchScreen.storyboard */ = {
			isa = PBXVariantGroup;
			children = (
				4029509B21FE9E660054ECDA /* Base */,
			);
			name = LaunchScreen.storyboard;
			sourceTree = "<group>";
		};
/* End PBXVariantGroup section */

/* Begin XCBuildConfiguration section */
		4029509E21FE9E660054ECDA /* Debug */ = {
			isa = XCBuildConfiguration;
			buildSettings = {
				ALWAYS_SEARCH_USER_PATHS = NO;
				CLANG_ANALYZER_NONNULL = YES;
				CLANG_ANALYZER_NUMBER_OBJECT_CONVERSION = YES_AGGRESSIVE;
				CLANG_CXX_LANGUAGE_STANDARD = "gnu++14";
				CLANG_CXX_LIBRARY = "libc++";
				CLANG_ENABLE_MODULES = YES;
				CLANG_ENABLE_OBJC_ARC = YES;
				CLANG_ENABLE_OBJC_WEAK = YES;
				CLANG_WARN_BLOCK_CAPTURE_AUTORELEASING = YES;
				CLANG_WARN_BOOL_CONVERSION = YES;
				CLANG_WARN_COMMA = YES;
				CLANG_WARN_CONSTANT_CONVERSION = YES;
				CLANG_WARN_DEPRECATED_OBJC_IMPLEMENTATIONS = YES;
				CLANG_WARN_DIRECT_OBJC_ISA_USAGE = YES_ERROR;
				CLANG_WARN_DOCUMENTATION_COMMENTS = YES;
				CLANG_WARN_EMPTY_BODY = YES;
				CLANG_WARN_ENUM_CONVERSION = YES;
				CLANG_WARN_INFINITE_RECURSION = YES;
				CLANG_WARN_INT_CONVERSION = YES;
				CLANG_WARN_NON_LITERAL_NULL_CONVERSION = YES;
				CLANG_WARN_OBJC_IMPLICIT_RETAIN_SELF = YES;
				CLANG_WARN_OBJC_LITERAL_CONVERSION = YES;
				CLANG_WARN_OBJC_ROOT_CLASS = YES_ERROR;
				CLANG_WARN_RANGE_LOOP_ANALYSIS = YES;
				CLANG_WARN_STRICT_PROTOTYPES = YES;
				CLANG_WARN_SUSPICIOUS_MOVE = YES;
				CLANG_WARN_UNGUARDED_AVAILABILITY = YES_AGGRESSIVE;
				CLANG_WARN_UNREACHABLE_CODE = YES;
				CLANG_WARN__DUPLICATE_METHOD_MATCH = YES;
				CODE_SIGN_IDENTITY = "iPhone Developer";
				COPY_PHASE_STRIP = NO;
				DEBUG_INFORMATION_FORMAT = dwarf;
				ENABLE_STRICT_OBJC_MSGSEND = YES;
				ENABLE_TESTABILITY = YES;
				GCC_C_LANGUAGE_STANDARD = gnu11;
				GCC_DYNAMIC_NO_PIC = NO;
				GCC_NO_COMMON_BLOCKS = YES;
				GCC_OPTIMIZATION_LEVEL = 0;
				GCC_PREPROCESSOR_DEFINITIONS = (
					"DEBUG=1",
					"$(inherited)",
				);
				GCC_WARN_64_TO_32_BIT_CONVERSION = YES;
				GCC_WARN_ABOUT_RETURN_TYPE = YES_ERROR;
				GCC_WARN_UNDECLARED_SELECTOR = YES;
				GCC_WARN_UNINITIALIZED_AUTOS = YES_AGGRESSIVE;
				GCC_WARN_UNUSED_FUNCTION = YES;
				GCC_WARN_UNUSED_VARIABLE = YES;
				IPHONEOS_DEPLOYMENT_TARGET = 12.1;
				MTL_ENABLE_DEBUG_INFO = INCLUDE_SOURCE;
				MTL_FAST_MATH = YES;
				ONLY_ACTIVE_ARCH = YES;
				SDKROOT = iphoneos;
				SWIFT_ACTIVE_COMPILATION_CONDITIONS = DEBUG;
				SWIFT_OPTIMIZATION_LEVEL = "-Onone";
			};
			name = Debug;
		};
		4029509F21FE9E660054ECDA /* Release */ = {
			isa = XCBuildConfiguration;
			buildSettings = {
				ALWAYS_SEARCH_USER_PATHS = NO;
				CLANG_ANALYZER_NONNULL = YES;
				CLANG_ANALYZER_NUMBER_OBJECT_CONVERSION = YES_AGGRESSIVE;
				CLANG_CXX_LANGUAGE_STANDARD = "gnu++14";
				CLANG_CXX_LIBRARY = "libc++";
				CLANG_ENABLE_MODULES = YES;
				CLANG_ENABLE_OBJC_ARC = YES;
				CLANG_ENABLE_OBJC_WEAK = YES;
				CLANG_WARN_BLOCK_CAPTURE_AUTORELEASING = YES;
				CLANG_WARN_BOOL_CONVERSION = YES;
				CLANG_WARN_COMMA = YES;
				CLANG_WARN_CONSTANT_CONVERSION = YES;
				CLANG_WARN_DEPRECATED_OBJC_IMPLEMENTATIONS = YES;
				CLANG_WARN_DIRECT_OBJC_ISA_USAGE = YES_ERROR;
				CLANG_WARN_DOCUMENTATION_COMMENTS = YES;
				CLANG_WARN_EMPTY_BODY = YES;
				CLANG_WARN_ENUM_CONVERSION = YES;
				CLANG_WARN_INFINITE_RECURSION = YES;
				CLANG_WARN_INT_CONVERSION = YES;
				CLANG_WARN_NON_LITERAL_NULL_CONVERSION = YES;
				CLANG_WARN_OBJC_IMPLICIT_RETAIN_SELF = YES;
				CLANG_WARN_OBJC_LITERAL_CONVERSION = YES;
				CLANG_WARN_OBJC_ROOT_CLASS = YES_ERROR;
				CLANG_WARN_RANGE_LOOP_ANALYSIS = YES;
				CLANG_WARN_STRICT_PROTOTYPES = YES;
				CLANG_WARN_SUSPICIOUS_MOVE = YES;
				CLANG_WARN_UNGUARDED_AVAILABILITY = YES_AGGRESSIVE;
				CLANG_WARN_UNREACHABLE_CODE = YES;
				CLANG_WARN__DUPLICATE_METHOD_MATCH = YES;
				CODE_SIGN_IDENTITY = "iPhone Developer";
				COPY_PHASE_STRIP = NO;
				DEBUG_INFORMATION_FORMAT = "dwarf-with-dsym";
				ENABLE_NS_ASSERTIONS = NO;
				ENABLE_STRICT_OBJC_MSGSEND = YES;
				GCC_C_LANGUAGE_STANDARD = gnu11;
				GCC_NO_COMMON_BLOCKS = YES;
				GCC_WARN_64_TO_32_BIT_CONVERSION = YES;
				GCC_WARN_ABOUT_RETURN_TYPE = YES_ERROR;
				GCC_WARN_UNDECLARED_SELECTOR = YES;
				GCC_WARN_UNINITIALIZED_AUTOS = YES_AGGRESSIVE;
				GCC_WARN_UNUSED_FUNCTION = YES;
				GCC_WARN_UNUSED_VARIABLE = YES;
				IPHONEOS_DEPLOYMENT_TARGET = 12.1;
				MTL_ENABLE_DEBUG_INFO = NO;
				MTL_FAST_MATH = YES;
				SDKROOT = iphoneos;
				SWIFT_COMPILATION_MODE = wholemodule;
				SWIFT_OPTIMIZATION_LEVEL = "-O";
				VALIDATE_PRODUCT = YES;
			};
			name = Release;
		};
		402950A121FE9E660054ECDA /* Debug */ = {
			isa = XCBuildConfiguration;
			baseConfigurationReference = EB6CB38FA4F26FAD40186DF3 /* Pods-CSRealmSwift.debug.xcconfig */;
			buildSettings = {
				ASSETCATALOG_COMPILER_APPICON_NAME = AppIcon;
				CODE_SIGN_STYLE = Automatic;
				INFOPLIST_FILE = CSRealmSwift/Info.plist;
				IPHONEOS_DEPLOYMENT_TARGET = 8;
				LD_RUNPATH_SEARCH_PATHS = (
					"$(inherited)",
					"@executable_path/Frameworks",
				);
				PRODUCT_BUNDLE_IDENTIFIER = "---.CSRealmSwift";
				PRODUCT_NAME = "$(TARGET_NAME)";
				SWIFT_VERSION = 4.2;
				TARGETED_DEVICE_FAMILY = "1,2";
			};
			name = Debug;
		};
		402950A221FE9E660054ECDA /* Release */ = {
			isa = XCBuildConfiguration;
			baseConfigurationReference = F7E17972D4AD491B9B2835BD /* Pods-CSRealmSwift.release.xcconfig */;
			buildSettings = {
				ASSETCATALOG_COMPILER_APPICON_NAME = AppIcon;
				CODE_SIGN_STYLE = Automatic;
				INFOPLIST_FILE = CSRealmSwift/Info.plist;
				IPHONEOS_DEPLOYMENT_TARGET = 8;
				LD_RUNPATH_SEARCH_PATHS = (
					"$(inherited)",
					"@executable_path/Frameworks",
				);
				PRODUCT_BUNDLE_IDENTIFIER = "---.CSRealmSwift";
				PRODUCT_NAME = "$(TARGET_NAME)";
				SWIFT_VERSION = 4.2;
				TARGETED_DEVICE_FAMILY = "1,2";
			};
			name = Release;
		};
/* End XCBuildConfiguration section */

/* Begin XCConfigurationList section */
		4029508921FE9E650054ECDA /* Build configuration list for PBXProject "CSRealmSwift" */ = {
			isa = XCConfigurationList;
			buildConfigurations = (
				4029509E21FE9E660054ECDA /* Debug */,
				4029509F21FE9E660054ECDA /* Release */,
			);
			defaultConfigurationIsVisible = 0;
			defaultConfigurationName = Release;
		};
		402950A021FE9E660054ECDA /* Build configuration list for PBXNativeTarget "CSRealmSwift" */ = {
			isa = XCConfigurationList;
			buildConfigurations = (
				402950A121FE9E660054ECDA /* Debug */,
				402950A221FE9E660054ECDA /* Release */,
			);
			defaultConfigurationIsVisible = 0;
			defaultConfigurationName = Release;
		};
/* End XCConfigurationList section */
	};
	rootObject = 4029508621FE9E650054ECDA /* Project object */;
}
